
Microsoft Visual Studio Solution File, Format Version 12.00
# Visual Studio Version 17
VisualStudioVersion = 17.4.33103.184
MinimumVisualStudioVersion = 10.0.40219.1
Project("{9A19103F-16F7-4668-BE54-9A1E7A4F7556}") = "1-Uvod", "1-Uvod\1-Uvod.csproj", "{E60DF962-831D-4307-A808-44230C81FACE}"
EndProject
Project("{9A19103F-16F7-4668-BE54-9A1E7A4F7556}") = "2-ObjektniKoncepti", "2-ObjektniKoncepti\2-ObjektniKoncepti.csproj", "{892DDBBC-452E-487E-B42C-786CD4153A00}"
EndProject
Project("{9A19103F-16F7-4668-BE54-9A1E7A4F7556}") = "4-NacrtovalskiVzorci", "4-NacrtovalskiVzorci\4-NacrtovalskiVzorci.csproj", "{837FECD4-898C-42AE-B86D-7B50A9485508}"
EndProject
Project("{9A19103F-16F7-4668-BE54-9A1E7A4F7556}") = "6-PodatkovneStrukture", "6-PodatkovneStrukture\6-PodatkovneStrukture.csproj", "{77BEA7D8-5A07-4C1E-8E5A-720A80581034}"
EndProject
Project("{9A19103F-16F7-4668-BE54-9A1E7A4F7556}") = "3-LINQ", "3-LINQ\3-LINQ.csproj", "{55BCD2F0-4184-4C3F-89D6-5ECEF02DF921}"
EndProject
Project("{9A19103F-16F7-4668-BE54-9A1E7A4F7556}") = "7-ParallelAndAsync", "7-ParallelAndAsync\7-ParallelAndAsync.csproj", "{F65098F4-A3BE-4A91-BF56-04D5BBADE0DD}"
EndProject
Project("{9A19103F-16F7-4668-BE54-9A1E7A4F7556}") = "8-Serializacija", "8-Serializacija\8-Serializacija.csproj", "{0A706318-1E2B-46A2-B6D0-4D3175E7F1A9}"
EndProject
Project("{9A19103F-16F7-4668-BE54-9A1E7A4F7556}") = "0-CommonFunctions", "0-CommonFunctions\0-CommonFunctions.csproj", "{0BA3D101-D1EC-4F71-A073-40748A478D56}"
EndProject
Project("{9A19103F-16F7-4668-BE54-9A1E7A4F7556}") = "99-MathLibrary", "99-MathLibrary\99-MathLibrary.csproj", "{B011E686-BADE-4283-A6C4-3828B61EB717}"
EndProject
Project("{9A19103F-16F7-4668-BE54-9A1E7A4F7556}") = "5-Generiki", "5-Generiki\5-Generiki.csproj", "{B43D4083-8DCC-4F4A-8349-2D2B1444E7AF}"
EndProject
Project("{FAE04EC0-301F-11D3-BF4B-00C04F79EFBC}") = "98-Izpit-2023-02-10", "98-Izpit-2023-02-10\98-Izpit-2023-02-10.csproj", "{3FF04261-BBC9-4725-8325-9954CE55876E}"
EndProject
Project("{FAE04EC0-301F-11D3-BF4B-00C04F79EFBC}") = "9-VrednostniInSklicniTipi", "9-VrednostniInSklicniTipi\9-VrednostniInSklicniTipi.csproj", "{3DE19A58-CD0E-49DF-8231-AE817639A350}"
EndProject
Global
	GlobalSection(SolutionConfigurationPlatforms) = preSolution
		Debug|Any CPU = Debug|Any CPU
		Release|Any CPU = Release|Any CPU
	EndGlobalSection
	GlobalSection(ProjectConfigurationPlatforms) = postSolution
		{E60DF962-831D-4307-A808-44230C81FACE}.Debug|Any CPU.ActiveCfg = Debug|Any CPU
		{E60DF962-831D-4307-A808-44230C81FACE}.Debug|Any CPU.Build.0 = Debug|Any CPU
		{E60DF962-831D-4307-A808-44230C81FACE}.Release|Any CPU.ActiveCfg = Release|Any CPU
		{E60DF962-831D-4307-A808-44230C81FACE}.Release|Any CPU.Build.0 = Release|Any CPU
		{892DDBBC-452E-487E-B42C-786CD4153A00}.Debug|Any CPU.ActiveCfg = Debug|Any CPU
		{892DDBBC-452E-487E-B42C-786CD4153A00}.Debug|Any CPU.Build.0 = Debug|Any CPU
		{892DDBBC-452E-487E-B42C-786CD4153A00}.Release|Any CPU.ActiveCfg = Release|Any CPU
		{892DDBBC-452E-487E-B42C-786CD4153A00}.Release|Any CPU.Build.0 = Release|Any CPU
		{837FECD4-898C-42AE-B86D-7B50A9485508}.Debug|Any CPU.ActiveCfg = Debug|Any CPU
		{837FECD4-898C-42AE-B86D-7B50A9485508}.Debug|Any CPU.Build.0 = Debug|Any CPU
		{837FECD4-898C-42AE-B86D-7B50A9485508}.Release|Any CPU.ActiveCfg = Release|Any CPU
		{837FECD4-898C-42AE-B86D-7B50A9485508}.Release|Any CPU.Build.0 = Release|Any CPU
		{77BEA7D8-5A07-4C1E-8E5A-720A80581034}.Debug|Any CPU.ActiveCfg = Debug|Any CPU
		{77BEA7D8-5A07-4C1E-8E5A-720A80581034}.Debug|Any CPU.Build.0 = Debug|Any CPU
		{77BEA7D8-5A07-4C1E-8E5A-720A80581034}.Release|Any CPU.ActiveCfg = Release|Any CPU
		{77BEA7D8-5A07-4C1E-8E5A-720A80581034}.Release|Any CPU.Build.0 = Release|Any CPU
		{55BCD2F0-4184-4C3F-89D6-5ECEF02DF921}.Debug|Any CPU.ActiveCfg = Debug|Any CPU
		{55BCD2F0-4184-4C3F-89D6-5ECEF02DF921}.Debug|Any CPU.Build.0 = Debug|Any CPU
		{55BCD2F0-4184-4C3F-89D6-5ECEF02DF921}.Release|Any CPU.ActiveCfg = Release|Any CPU
		{55BCD2F0-4184-4C3F-89D6-5ECEF02DF921}.Release|Any CPU.Build.0 = Release|Any CPU
		{F65098F4-A3BE-4A91-BF56-04D5BBADE0DD}.Debug|Any CPU.ActiveCfg = Debug|Any CPU
		{F65098F4-A3BE-4A91-BF56-04D5BBADE0DD}.Debug|Any CPU.Build.0 = Debug|Any CPU
		{F65098F4-A3BE-4A91-BF56-04D5BBADE0DD}.Release|Any CPU.ActiveCfg = Release|Any CPU
		{F65098F4-A3BE-4A91-BF56-04D5BBADE0DD}.Release|Any CPU.Build.0 = Release|Any CPU
		{0A706318-1E2B-46A2-B6D0-4D3175E7F1A9}.Debug|Any CPU.ActiveCfg = Debug|Any CPU
		{0A706318-1E2B-46A2-B6D0-4D3175E7F1A9}.Debug|Any CPU.Build.0 = Debug|Any CPU
		{0A706318-1E2B-46A2-B6D0-4D3175E7F1A9}.Release|Any CPU.ActiveCfg = Release|Any CPU
		{0A706318-1E2B-46A2-B6D0-4D3175E7F1A9}.Release|Any CPU.Build.0 = Release|Any CPU
		{0BA3D101-D1EC-4F71-A073-40748A478D56}.Debug|Any CPU.ActiveCfg = Debug|Any CPU
		{0BA3D101-D1EC-4F71-A073-40748A478D56}.Debug|Any CPU.Build.0 = Debug|Any CPU
		{0BA3D101-D1EC-4F71-A073-40748A478D56}.Release|Any CPU.ActiveCfg = Release|Any CPU
		{0BA3D101-D1EC-4F71-A073-40748A478D56}.Release|Any CPU.Build.0 = Release|Any CPU
		{B011E686-BADE-4283-A6C4-3828B61EB717}.Debug|Any CPU.ActiveCfg = Debug|Any CPU
		{B011E686-BADE-4283-A6C4-3828B61EB717}.Debug|Any CPU.Build.0 = Debug|Any CPU
		{B011E686-BADE-4283-A6C4-3828B61EB717}.Release|Any CPU.ActiveCfg = Release|Any CPU
		{B011E686-BADE-4283-A6C4-3828B61EB717}.Release|Any CPU.Build.0 = Release|Any CPU
		{B43D4083-8DCC-4F4A-8349-2D2B1444E7AF}.Debug|Any CPU.ActiveCfg = Debug|Any CPU
		{B43D4083-8DCC-4F4A-8349-2D2B1444E7AF}.Debug|Any CPU.Build.0 = Debug|Any CPU
		{B43D4083-8DCC-4F4A-8349-2D2B1444E7AF}.Release|Any CPU.ActiveCfg = Release|Any CPU
		{B43D4083-8DCC-4F4A-8349-2D2B1444E7AF}.Release|Any CPU.Build.0 = Release|Any CPU
		{3FF04261-BBC9-4725-8325-9954CE55876E}.Debug|Any CPU.ActiveCfg = Debug|Any CPU
		{3FF04261-BBC9-4725-8325-9954CE55876E}.Debug|Any CPU.Build.0 = Debug|Any CPU
		{3FF04261-BBC9-4725-8325-9954CE55876E}.Release|Any CPU.ActiveCfg = Release|Any CPU
		{3FF04261-BBC9-4725-8325-9954CE55876E}.Release|Any CPU.Build.0 = Release|Any CPU
		{3DE19A58-CD0E-49DF-8231-AE817639A350}.Debug|Any CPU.ActiveCfg = Debug|Any CPU
		{3DE19A58-CD0E-49DF-8231-AE817639A350}.Debug|Any CPU.Build.0 = Debug|Any CPU
		{3DE19A58-CD0E-49DF-8231-AE817639A350}.Release|Any CPU.ActiveCfg = Release|Any CPU
		{3DE19A58-CD0E-49DF-8231-AE817639A350}.Release|Any CPU.Build.0 = Release|Any CPU
	EndGlobalSection
	GlobalSection(SolutionProperties) = preSolution
		HideSolutionNode = FALSE
	EndGlobalSection
	GlobalSection(ExtensibilityGlobals) = postSolution
		SolutionGuid = {8C4243A9-AB38-4A48-AA57-5528F4D0D355}
	EndGlobalSection
EndGlobal
